
Microsoft Visual Studio Solution File, Format Version 12.00
# Visual Studio Version 17
VisualStudioVersion = 17.2.32526.322
MinimumVisualStudioVersion = 10.0.40219.1
Project("{FAE04EC0-301F-11D3-BF4B-00C04F79EFBC}") = "WebDriver_POM_Example", "WebDriver_POM_Example\WebDriver_POM_Example.csproj", "{6C6807B7-E078-474B-AAF1-E5254C7C2A41}"
EndProject
Global
	GlobalSection(SolutionConfigurationPlatforms) = preSolution
		Debug|Any CPU = Debug|Any CPU
		Release|Any CPU = Release|Any CPU
	EndGlobalSection
	GlobalSection(ProjectConfigurationPlatforms) = postSolution
		{6C6807B7-E078-474B-AAF1-E5254C7C2A41}.Debug|Any CPU.ActiveCfg = Debug|Any CPU
		{6C6807B7-E078-474B-AAF1-E5254C7C2A41}.Debug|Any CPU.Build.0 = Debug|Any CPU
		{6C6807B7-E078-474B-AAF1-E5254C7C2A41}.Release|Any CPU.ActiveCfg = Release|Any CPU
		{6C6807B7-E078-474B-AAF1-E5254C7C2A41}.Release|Any CPU.Build.0 = Release|Any CPU
	EndGlobalSection
	GlobalSection(SolutionProperties) = preSolution
		HideSolutionNode = FALSE
	EndGlobalSection
	GlobalSection(ExtensibilityGlobals) = postSolution
		SolutionGuid = {8F743DED-0AE1-4F18-B07C-96D09E10DC3A}
	EndGlobalSection
EndGlobal
